
Microsoft Visual Studio Solution File, Format Version 12.00
# Visual Studio Version 16
VisualStudioVersion = 16.0.31410.357
MinimumVisualStudioVersion = 10.0.40219.1
Project("{9A19103F-16F7-4668-BE54-9A1E7A4F7556}") = "PHCSim.WebApi", "PHCSim.WebApi\PHCSim.WebApi.csproj", "{AC6AFFA5-43C4-4DF2-805D-A3CA6795A73C}"
EndProject
Project("{9A19103F-16F7-4668-BE54-9A1E7A4F7556}") = "PHCSim.Domain", "PHCSim.Domain\PHCSim.Domain.csproj", "{15EADC85-8CA6-413E-9157-1FE1358E69D1}"
EndProject
Project("{9A19103F-16F7-4668-BE54-9A1E7A4F7556}") = "PHCSim.Data", "PHCSim.Data\PHCSim.Data.csproj", "{4AEB57C6-6E59-4137-B78F-E720789B51B6}"
EndProject
Project("{9A19103F-16F7-4668-BE54-9A1E7A4F7556}") = "PHCSim.Shared", "PHCSim.Shared\PHCSim.Shared.csproj", "{D926B022-1D2A-4E75-BC45-0A23DBDDE54F}"
EndProject
Project("{9A19103F-16F7-4668-BE54-9A1E7A4F7556}") = "PHCSim.UnitTests", "PHCSim.UnitTests\PHCSim.UnitTests.csproj", "{E7D918E4-C69D-4C61-B50B-B585BCD5C6E3}"
EndProject
Project("{FAE04EC0-301F-11D3-BF4B-00C04F79EFBC}") = "PHCSim.IntegrationTests", "PHCSim.IntegrationTests\PHCSim.IntegrationTests.csproj", "{9ADD69DE-3F0A-4DE6-8CF3-14A657AFF53A}"
EndProject
Global
	GlobalSection(SolutionConfigurationPlatforms) = preSolution
		Debug|Any CPU = Debug|Any CPU
		Release|Any CPU = Release|Any CPU
	EndGlobalSection
	GlobalSection(ProjectConfigurationPlatforms) = postSolution
		{AC6AFFA5-43C4-4DF2-805D-A3CA6795A73C}.Debug|Any CPU.ActiveCfg = Debug|Any CPU
		{AC6AFFA5-43C4-4DF2-805D-A3CA6795A73C}.Debug|Any CPU.Build.0 = Debug|Any CPU
		{AC6AFFA5-43C4-4DF2-805D-A3CA6795A73C}.Release|Any CPU.ActiveCfg = Release|Any CPU
		{AC6AFFA5-43C4-4DF2-805D-A3CA6795A73C}.Release|Any CPU.Build.0 = Release|Any CPU
		{15EADC85-8CA6-413E-9157-1FE1358E69D1}.Debug|Any CPU.ActiveCfg = Debug|Any CPU
		{15EADC85-8CA6-413E-9157-1FE1358E69D1}.Debug|Any CPU.Build.0 = Debug|Any CPU
		{15EADC85-8CA6-413E-9157-1FE1358E69D1}.Release|Any CPU.ActiveCfg = Release|Any CPU
		{15EADC85-8CA6-413E-9157-1FE1358E69D1}.Release|Any CPU.Build.0 = Release|Any CPU
		{4AEB57C6-6E59-4137-B78F-E720789B51B6}.Debug|Any CPU.ActiveCfg = Debug|Any CPU
		{4AEB57C6-6E59-4137-B78F-E720789B51B6}.Debug|Any CPU.Build.0 = Debug|Any CPU
		{4AEB57C6-6E59-4137-B78F-E720789B51B6}.Release|Any CPU.ActiveCfg = Release|Any CPU
		{4AEB57C6-6E59-4137-B78F-E720789B51B6}.Release|Any CPU.Build.0 = Release|Any CPU
		{D926B022-1D2A-4E75-BC45-0A23DBDDE54F}.Debug|Any CPU.ActiveCfg = Debug|Any CPU
		{D926B022-1D2A-4E75-BC45-0A23DBDDE54F}.Debug|Any CPU.Build.0 = Debug|Any CPU
		{D926B022-1D2A-4E75-BC45-0A23DBDDE54F}.Release|Any CPU.ActiveCfg = Release|Any CPU
		{D926B022-1D2A-4E75-BC45-0A23DBDDE54F}.Release|Any CPU.Build.0 = Release|Any CPU
		{E7D918E4-C69D-4C61-B50B-B585BCD5C6E3}.Debug|Any CPU.ActiveCfg = Debug|Any CPU
		{E7D918E4-C69D-4C61-B50B-B585BCD5C6E3}.Debug|Any CPU.Build.0 = Debug|Any CPU
		{E7D918E4-C69D-4C61-B50B-B585BCD5C6E3}.Release|Any CPU.ActiveCfg = Release|Any CPU
		{E7D918E4-C69D-4C61-B50B-B585BCD5C6E3}.Release|Any CPU.Build.0 = Release|Any CPU
		{9ADD69DE-3F0A-4DE6-8CF3-14A657AFF53A}.Debug|Any CPU.ActiveCfg = Debug|Any CPU
		{9ADD69DE-3F0A-4DE6-8CF3-14A657AFF53A}.Debug|Any CPU.Build.0 = Debug|Any CPU
		{9ADD69DE-3F0A-4DE6-8CF3-14A657AFF53A}.Release|Any CPU.ActiveCfg = Release|Any CPU
		{9ADD69DE-3F0A-4DE6-8CF3-14A657AFF53A}.Release|Any CPU.Build.0 = Release|Any CPU
	EndGlobalSection
	GlobalSection(SolutionProperties) = preSolution
		HideSolutionNode = FALSE
	EndGlobalSection
	GlobalSection(ExtensibilityGlobals) = postSolution
		SolutionGuid = {D7B9314C-D6BE-4B90-91DA-0B8B3CB82718}
	EndGlobalSection
EndGlobal
